
Microsoft Visual Studio Solution File, Format Version 12.00
# Visual Studio Version 17
VisualStudioVersion = 17.13.35806.99
MinimumVisualStudioVersion = 10.0.40219.1
Project("{FAE04EC0-301F-11D3-BF4B-00C04F79EFBC}") = "CreateDocumentAPP_2", "CreateDocumentAPP_2\CreateDocumentAPP_2.csproj", "{AE51A4D3-EBDD-4707-89FF-FD7CB4B9D403}"
EndProject
Global
	GlobalSection(SolutionConfigurationPlatforms) = preSolution
		Debug|Any CPU = Debug|Any CPU
		Release|Any CPU = Release|Any CPU
	EndGlobalSection
	GlobalSection(ProjectConfigurationPlatforms) = postSolution
		{AE51A4D3-EBDD-4707-89FF-FD7CB4B9D403}.Debug|Any CPU.ActiveCfg = Debug|Any CPU
		{AE51A4D3-EBDD-4707-89FF-FD7CB4B9D403}.Debug|Any CPU.Build.0 = Debug|Any CPU
		{AE51A4D3-EBDD-4707-89FF-FD7CB4B9D403}.Release|Any CPU.ActiveCfg = Release|Any CPU
		{AE51A4D3-EBDD-4707-89FF-FD7CB4B9D403}.Release|Any CPU.Build.0 = Release|Any CPU
	EndGlobalSection
	GlobalSection(SolutionProperties) = preSolution
		HideSolutionNode = FALSE
	EndGlobalSection
	GlobalSection(ExtensibilityGlobals) = postSolution
		SolutionGuid = {553CD562-A5E7-4AF0-BECD-DC02C58A07D6}
	EndGlobalSection
EndGlobal
